
Microsoft Visual Studio Solution File, Format Version 12.00
# Visual Studio Version 17
VisualStudioVersion = 17.1.32210.238
MinimumVisualStudioVersion = 10.0.40219.1
Project("{9A19103F-16F7-4668-BE54-9A1E7A4F7556}") = "PowerOf", "PowerOf\PowerOf.csproj", "{0C38A72E-0C26-4242-B4AE-DB5C59017717}"
EndProject
Project("{2150E333-8FDC-42A3-9474-1A3956D46DE8}") = "Solution Items", "Solution Items", "{8D44D1CB-E49A-4827-B7FD-4F2AA2667EEE}"
	ProjectSection(SolutionItems) = preProject
		.editorconfig = .editorconfig
	EndProjectSection
EndProject
Global
	GlobalSection(SolutionConfigurationPlatforms) = preSolution
		Debug|Any CPU = Debug|Any CPU
		Release|Any CPU = Release|Any CPU
	EndGlobalSection
	GlobalSection(ProjectConfigurationPlatforms) = postSolution
		{0C38A72E-0C26-4242-B4AE-DB5C59017717}.Debug|Any CPU.ActiveCfg = Debug|Any CPU
		{0C38A72E-0C26-4242-B4AE-DB5C59017717}.Debug|Any CPU.Build.0 = Debug|Any CPU
		{0C38A72E-0C26-4242-B4AE-DB5C59017717}.Release|Any CPU.ActiveCfg = Release|Any CPU
		{0C38A72E-0C26-4242-B4AE-DB5C59017717}.Release|Any CPU.Build.0 = Release|Any CPU
	EndGlobalSection
	GlobalSection(SolutionProperties) = preSolution
		HideSolutionNode = FALSE
	EndGlobalSection
	GlobalSection(ExtensibilityGlobals) = postSolution
		SolutionGuid = {BB202506-38E2-453E-A59D-FDFB95F1F23B}
	EndGlobalSection
EndGlobal
